PODS:
  - Flutter (1.0.0)
  - quick_native_crypto (0.0.1):
    - Flutter

DEPENDENCIES:
  - Flutter (from `Flutter`)
  - quick_native_crypto (from `.symlinks/plugins/quick_native_crypto/ios`)

EXTERNAL SOURCES:
  Flutter:
    :path: Flutter
  quick_native_crypto:
    :path: ".symlinks/plugins/quick_native_crypto/ios"

SPEC CHECKSUMS:
  Flutter: f04841e97a9d0b0a8025694d0796dd46242b2854
  quick_native_crypto: 673e58665c6661e00ade2bf9876fd171132870b3

PODFILE CHECKSUM: ef19549a9bc3046e7bb7d2fab4d021637c0c58a3

COCOAPODS: 1.11.3
