PODS:
  - FlutterMacOS (1.0.0)
  - quick_native_crypto (0.0.1):
    - FlutterMacOS

DEPENDENCIES:
  - FlutterMacOS (from `Flutter/ephemeral`)
  - quick_native_crypto (from `Flutter/ephemeral/.symlinks/plugins/quick_native_crypto/macos`)

EXTERNAL SOURCES:
  FlutterMacOS:
    :path: Flutter/ephemeral
  quick_native_crypto:
    :path: Flutter/ephemeral/.symlinks/plugins/quick_native_crypto/macos

SPEC CHECKSUMS:
  FlutterMacOS: 8f6f14fa908a6fb3fba0cd85dbd81ec4b251fb24
  quick_native_crypto: f347ea6e6db260f9fb5be3b2813e728a2601d35c

PODFILE CHECKSUM: 353c8bcc5d5b0994e508d035b5431cfe18c1dea7

COCOAPODS: 1.14.3
